
Microsoft Visual Studio Solution File, Format Version 12.00
# Visual Studio Version 17
VisualStudioVersion = 17.7.34031.279
MinimumVisualStudioVersion = 10.0.40219.1
Project("{FAE04EC0-301F-11D3-BF4B-00C04F79EFBC}") = "helloWorld", "helloWorld\helloWorld.csproj", "{8E58BEA2-2BEE-4845-86E0-5BFBB7148446}"
EndProject
Global
	GlobalSection(SolutionConfigurationPlatforms) = preSolution
		Debug|Any CPU = Debug|Any CPU
		Release|Any CPU = Release|Any CPU
	EndGlobalSection
	GlobalSection(ProjectConfigurationPlatforms) = postSolution
		{8E58BEA2-2BEE-4845-86E0-5BFBB7148446}.Debug|Any CPU.ActiveCfg = Debug|Any CPU
		{8E58BEA2-2BEE-4845-86E0-5BFBB7148446}.Debug|Any CPU.Build.0 = Debug|Any CPU
		{8E58BEA2-2BEE-4845-86E0-5BFBB7148446}.Release|Any CPU.ActiveCfg = Release|Any CPU
		{8E58BEA2-2BEE-4845-86E0-5BFBB7148446}.Release|Any CPU.Build.0 = Release|Any CPU
	EndGlobalSection
	GlobalSection(SolutionProperties) = preSolution
		HideSolutionNode = FALSE
	EndGlobalSection
	GlobalSection(ExtensibilityGlobals) = postSolution
		SolutionGuid = {DAB1B9B9-165C-4CE6-ADD3-A06A1D7D191D}
	EndGlobalSection
EndGlobal
