
Microsoft Visual Studio Solution File, Format Version 12.00
# Visual Studio Version 17
VisualStudioVersion = 17.7.34031.279
MinimumVisualStudioVersion = 10.0.40219.1
Project("{FAE04EC0-301F-11D3-BF4B-00C04F79EFBC}") = "ejercicio_5", "ejercicio_5\ejercicio_5.csproj", "{67275D91-39AF-4917-961B-0FC96DD22290}"
EndProject
Global
	GlobalSection(SolutionConfigurationPlatforms) = preSolution
		Debug|Any CPU = Debug|Any CPU
		Release|Any CPU = Release|Any CPU
	EndGlobalSection
	GlobalSection(ProjectConfigurationPlatforms) = postSolution
		{67275D91-39AF-4917-961B-0FC96DD22290}.Debug|Any CPU.ActiveCfg = Debug|Any CPU
		{67275D91-39AF-4917-961B-0FC96DD22290}.Debug|Any CPU.Build.0 = Debug|Any CPU
		{67275D91-39AF-4917-961B-0FC96DD22290}.Release|Any CPU.ActiveCfg = Release|Any CPU
		{67275D91-39AF-4917-961B-0FC96DD22290}.Release|Any CPU.Build.0 = Release|Any CPU
	EndGlobalSection
	GlobalSection(SolutionProperties) = preSolution
		HideSolutionNode = FALSE
	EndGlobalSection
	GlobalSection(ExtensibilityGlobals) = postSolution
		SolutionGuid = {A510B924-CC55-4A1A-9880-CBCE7D2AC83F}
	EndGlobalSection
EndGlobal
