
Microsoft Visual Studio Solution File, Format Version 12.00
# Visual Studio Version 16
VisualStudioVersion = 16.0.29215.179
MinimumVisualStudioVersion = 10.0.40219.1
Project("{FAE04EC0-301F-11D3-BF4B-00C04F79EFBC}") = "Ejercicio23", "Ejercicio23\Ejercicio23.csproj", "{A0483178-2698-4CB7-905A-52247F3BD2EB}"
EndProject
Global
	GlobalSection(SolutionConfigurationPlatforms) = preSolution
		Debug|Any CPU = Debug|Any CPU
		Release|Any CPU = Release|Any CPU
	EndGlobalSection
	GlobalSection(ProjectConfigurationPlatforms) = postSolution
		{A0483178-2698-4CB7-905A-52247F3BD2EB}.Debug|Any CPU.ActiveCfg = Debug|Any CPU
		{A0483178-2698-4CB7-905A-52247F3BD2EB}.Debug|Any CPU.Build.0 = Debug|Any CPU
		{A0483178-2698-4CB7-905A-52247F3BD2EB}.Release|Any CPU.ActiveCfg = Release|Any CPU
		{A0483178-2698-4CB7-905A-52247F3BD2EB}.Release|Any CPU.Build.0 = Release|Any CPU
	EndGlobalSection
	GlobalSection(SolutionProperties) = preSolution
		HideSolutionNode = FALSE
	EndGlobalSection
	GlobalSection(ExtensibilityGlobals) = postSolution
		SolutionGuid = {D993CD3B-4C53-4E49-AAC7-DD914ED954C6}
	EndGlobalSection
EndGlobal
