
Microsoft Visual Studio Solution File, Format Version 12.00
# Visual Studio 15
VisualStudioVersion = 15.0.27004.2010
MinimumVisualStudioVersion = 10.0.40219.1
Project("{FAE04EC0-301F-11D3-BF4B-00C04F79EFBC}") = "Ejercicio07", "Ejercicio07\Ejercicio07.csproj", "{20F80BA7-F1C0-4D8A-BE42-856E6FAE26FC}"
EndProject
Global
	GlobalSection(SolutionConfigurationPlatforms) = preSolution
		Debug|Any CPU = Debug|Any CPU
		Release|Any CPU = Release|Any CPU
	EndGlobalSection
	GlobalSection(ProjectConfigurationPlatforms) = postSolution
		{20F80BA7-F1C0-4D8A-BE42-856E6FAE26FC}.Debug|Any CPU.ActiveCfg = Debug|Any CPU
		{20F80BA7-F1C0-4D8A-BE42-856E6FAE26FC}.Debug|Any CPU.Build.0 = Debug|Any CPU
		{20F80BA7-F1C0-4D8A-BE42-856E6FAE26FC}.Release|Any CPU.ActiveCfg = Release|Any CPU
		{20F80BA7-F1C0-4D8A-BE42-856E6FAE26FC}.Release|Any CPU.Build.0 = Release|Any CPU
	EndGlobalSection
	GlobalSection(SolutionProperties) = preSolution
		HideSolutionNode = FALSE
	EndGlobalSection
	GlobalSection(ExtensibilityGlobals) = postSolution
		SolutionGuid = {D2CC5998-33E0-4087-AB1E-7B5DEDBB5463}
	EndGlobalSection
EndGlobal
